
Microsoft Visual Studio Solution File, Format Version 12.00
# Visual Studio 2013
VisualStudioVersion = 12.0.40629.0
MinimumVisualStudioVersion = 10.0.40219.1
Project("{FAE04EC0-301F-11D3-BF4B-00C04F79EFBC}") = "api", "api\api.csproj", "{E30072C1-292E-442F-8037-8E55A295B46E}"
EndProject
Project("{FAE04EC0-301F-11D3-BF4B-00C04F79EFBC}") = "web", "web\web.csproj", "{74DB75E5-D47F-4CD4-993C-E9B765E3DBEA}"
EndProject
Global
	GlobalSection(SolutionConfigurationPlatforms) = preSolution
		Debug|Any CPU = Debug|Any CPU
		Release|Any CPU = Release|Any CPU
	EndGlobalSection
	GlobalSection(ProjectConfigurationPlatforms) = postSolution
		{E30072C1-292E-442F-8037-8E55A295B46E}.Debug|Any CPU.ActiveCfg = Debug|Any CPU
		{E30072C1-292E-442F-8037-8E55A295B46E}.Debug|Any CPU.Build.0 = Debug|Any CPU
		{E30072C1-292E-442F-8037-8E55A295B46E}.Release|Any CPU.ActiveCfg = Release|Any CPU
		{E30072C1-292E-442F-8037-8E55A295B46E}.Release|Any CPU.Build.0 = Release|Any CPU
		{74DB75E5-D47F-4CD4-993C-E9B765E3DBEA}.Debug|Any CPU.ActiveCfg = Debug|Any CPU
		{74DB75E5-D47F-4CD4-993C-E9B765E3DBEA}.Debug|Any CPU.Build.0 = Debug|Any CPU
		{74DB75E5-D47F-4CD4-993C-E9B765E3DBEA}.Release|Any CPU.ActiveCfg = Release|Any CPU
		{74DB75E5-D47F-4CD4-993C-E9B765E3DBEA}.Release|Any CPU.Build.0 = Release|Any CPU
	EndGlobalSection
	GlobalSection(SolutionProperties) = preSolution
		HideSolutionNode = FALSE
	EndGlobalSection
EndGlobal
